// !$*UTF8*$!
{
	archiveVersion = 1;
	classes = {
	};
	objectVersion = 46;
	objects = {

/* Begin PBXBuildFile section */
		318C248F1D8B428E00543E6B /* ArtistSearchTableViewController.swift in Sources */ = {isa = PBXBuildFile; fileRef = 318C248E1D8B428E00543E6B /* ArtistSearchTableViewController.swift */; };
		318C24921D8B4E4700543E6B /* ArtistListTableViewCell.swift in Sources */ = {isa = PBXBuildFile; fileRef = 318C24911D8B4E4700543E6B /* ArtistListTableViewCell.swift */; };
		318C24941D8B4E5500543E6B /* ArtistListTableViewCell.xib in Resources */ = {isa = PBXBuildFile; fileRef = 318C24931D8B4E5500543E6B /* ArtistListTableViewCell.xib */; };
		318C24961D8B58F800543E6B /* TrackListTableViewController.swift in Sources */ = {isa = PBXBuildFile; fileRef = 318C24951D8B58F800543E6B /* TrackListTableViewController.swift */; };
		318C24981D8B5B9400543E6B /* TrackListTableViewCell.swift in Sources */ = {isa = PBXBuildFile; fileRef = 318C24971D8B5B9400543E6B /* TrackListTableViewCell.swift */; };
		318C249A1D8B5BA500543E6B /* TrackListTableViewCell.xib in Resources */ = {isa = PBXBuildFile; fileRef = 318C24991D8B5BA500543E6B /* TrackListTableViewCell.xib */; };
		318C249D1D8C651A00543E6B /* TrackDetailView.xib in Resources */ = {isa = PBXBuildFile; fileRef = 318C249C1D8C651A00543E6B /* TrackDetailView.xib */; };
		318C249F1D8C929E00543E6B /* TrackDetailView.swift in Sources */ = {isa = PBXBuildFile; fileRef = 318C249E1D8C929E00543E6B /* TrackDetailView.swift */; };
		318C24A11D8CA55C00543E6B /* AVFoundation.framework in Frameworks */ = {isa = PBXBuildFile; fileRef = 318C24A01D8CA55C00543E6B /* AVFoundation.framework */; };
		4C2B23981D8A077800E07ED7 /* AppDelegate.swift in Sources */ = {isa = PBXBuildFile; fileRef = 4C2B23971D8A077800E07ED7 /* AppDelegate.swift */; };
		4C2B239D1D8A077800E07ED7 /* Main.storyboard in Resources */ = {isa = PBXBuildFile; fileRef = 4C2B239B1D8A077800E07ED7 /* Main.storyboard */; };
		4C2B239F1D8A077800E07ED7 /* Assets.xcassets in Resources */ = {isa = PBXBuildFile; fileRef = 4C2B239E1D8A077800E07ED7 /* Assets.xcassets */; };
		4C2B23A21D8A077800E07ED7 /* LaunchScreen.storyboard in Resources */ = {isa = PBXBuildFile; fileRef = 4C2B23A01D8A077800E07ED7 /* LaunchScreen.storyboard */; };
		4C2B23AD1D8A077800E07ED7 /* SDTestMusicTests.swift in Sources */ = {isa = PBXBuildFile; fileRef = 4C2B23AC1D8A077800E07ED7 /* SDTestMusicTests.swift */; };
		4C2B23B91D8A08CB00E07ED7 /* Artist.swift in Sources */ = {isa = PBXBuildFile; fileRef = 4C2B23B81D8A08CB00E07ED7 /* Artist.swift */; };
		4C2B23BB1D8A08EC00E07ED7 /* Track.swift in Sources */ = {isa = PBXBuildFile; fileRef = 4C2B23BA1D8A08EC00E07ED7 /* Track.swift */; };
		4C2B23BD1D8AE75400E07ED7 /* APIServiceManager.swift in Sources */ = {isa = PBXBuildFile; fileRef = 4C2B23BC1D8AE75400E07ED7 /* APIServiceManager.swift */; };
/* End PBXBuildFile section */

/* Begin PBXContainerItemProxy section */
		4C2B23A91D8A077800E07ED7 /* PBXContainerItemProxy */ = {
			isa = PBXContainerItemProxy;
			containerPortal = 4C2B238C1D8A077800E07ED7 /* Project object */;
			proxyType = 1;
			remoteGlobalIDString = 4C2B23931D8A077800E07ED7;
			remoteInfo = SDTestMusic;
		};
/* End PBXContainerItemProxy section */

/* Begin PBXFileReference section */
		318C248E1D8B428E00543E6B /* ArtistSearchTableViewController.swift */ = {isa = PBXFileReference; fileEncoding = 4; lastKnownFileType = sourcecode.swift; path = ArtistSearchTableViewController.swift; sourceTree = "<group>"; };
		318C24911D8B4E4700543E6B /* ArtistListTableViewCell.swift */ = {isa = PBXFileReference; fileEncoding = 4; lastKnownFileType = sourcecode.swift; path = ArtistListTableViewCell.swift; sourceTree = "<group>"; };
		318C24931D8B4E5500543E6B /* ArtistListTableViewCell.xib */ = {isa = PBXFileReference; fileEncoding = 4; lastKnownFileType = file.xib; path = ArtistListTableViewCell.xib; sourceTree = "<group>"; };
		318C24951D8B58F800543E6B /* TrackListTableViewController.swift */ = {isa = PBXFileReference; fileEncoding = 4; lastKnownFileType = sourcecode.swift; path = TrackListTableViewController.swift; sourceTree = "<group>"; };
		318C24971D8B5B9400543E6B /* TrackListTableViewCell.swift */ = {isa = PBXFileReference; fileEncoding = 4; lastKnownFileType = sourcecode.swift; path = TrackListTableViewCell.swift; sourceTree = "<group>"; };
		318C24991D8B5BA500543E6B /* TrackListTableViewCell.xib */ = {isa = PBXFileReference; fileEncoding = 4; lastKnownFileType = file.xib; path = TrackListTableViewCell.xib; sourceTree = "<group>"; };
		318C249C1D8C651A00543E6B /* TrackDetailView.xib */ = {isa = PBXFileReference; fileEncoding = 4; lastKnownFileType = file.xib; path = TrackDetailView.xib; sourceTree = "<group>"; };
		318C249E1D8C929E00543E6B /* TrackDetailView.swift */ = {isa = PBXFileReference; fileEncoding = 4; lastKnownFileType = sourcecode.swift; path = TrackDetailView.swift; sourceTree = "<group>"; };
		318C24A01D8CA55C00543E6B /* AVFoundation.framework */ = {isa = PBXFileReference; lastKnownFileType = wrapper.framework; name = AVFoundation.framework; path = System/Library/Frameworks/AVFoundation.framework; sourceTree = SDKROOT; };
		4C2B23941D8A077800E07ED7 /* SDTestMusic.app */ = {isa = PBXFileReference; explicitFileType = wrapper.application; includeInIndex = 0; path = SDTestMusic.app; sourceTree = BUILT_PRODUCTS_DIR; };
		4C2B23971D8A077800E07ED7 /* AppDelegate.swift */ = {isa = PBXFileReference; lastKnownFileType = sourcecode.swift; path = AppDelegate.swift; sourceTree = "<group>"; };
		4C2B239C1D8A077800E07ED7 /* Base */ = {isa = PBXFileReference; lastKnownFileType = file.storyboard; name = Base; path = Base.lproj/Main.storyboard; sourceTree = "<group>"; };
		4C2B239E1D8A077800E07ED7 /* Assets.xcassets */ = {isa = PBXFileReference; lastKnownFileType = folder.assetcatalog; path = Assets.xcassets; sourceTree = "<group>"; };
		4C2B23A11D8A077800E07ED7 /* Base */ = {isa = PBXFileReference; lastKnownFileType = file.storyboard; name = Base; path = Base.lproj/LaunchScreen.storyboard; sourceTree = "<group>"; };
		4C2B23A31D8A077800E07ED7 /* Info.plist */ = {isa = PBXFileReference; lastKnownFileType = text.plist.xml; path = Info.plist; sourceTree = "<group>"; };
		4C2B23A81D8A077800E07ED7 /* SDTestMusicTests.xctest */ = {isa = PBXFileReference; explicitFileType = wrapper.cfbundle; includeInIndex = 0; path = SDTestMusicTests.xctest; sourceTree = BUILT_PRODUCTS_DIR; };
		4C2B23AC1D8A077800E07ED7 /* SDTestMusicTests.swift */ = {isa = PBXFileReference; lastKnownFileType = sourcecode.swift; path = SDTestMusicTests.swift; sourceTree = "<group>"; };
		4C2B23AE1D8A077800E07ED7 /* Info.plist */ = {isa = PBXFileReference; lastKnownFileType = text.plist.xml; path = Info.plist; sourceTree = "<group>"; };
		4C2B23B81D8A08CB00E07ED7 /* Artist.swift */ = {isa = PBXFileReference; fileEncoding = 4; lastKnownFileType = sourcecode.swift; path = Artist.swift; sourceTree = "<group>"; };
		4C2B23BA1D8A08EC00E07ED7 /* Track.swift */ = {isa = PBXFileReference; fileEncoding = 4; lastKnownFileType = sourcecode.swift; path = Track.swift; sourceTree = "<group>"; };
		4C2B23BC1D8AE75400E07ED7 /* APIServiceManager.swift */ = {isa = PBXFileReference; fileEncoding = 4; lastKnownFileType = sourcecode.swift; path = APIServiceManager.swift; sourceTree = "<group>"; };
/* End PBXFileReference section */

/* Begin PBXFrameworksBuildPhase section */
		4C2B23911D8A077800E07ED7 /* Frameworks */ = {
			isa = PBXFrameworksBuildPhase;
			buildActionMask = 2147483647;
			files = (
				318C24A11D8CA55C00543E6B /* AVFoundation.framework in Frameworks */,
			);
			runOnlyForDeploymentPostprocessing = 0;
		};
		4C2B23A51D8A077800E07ED7 /* Frameworks */ = {
			isa = PBXFrameworksBuildPhase;
			buildActionMask = 2147483647;
			files = (
			);
			runOnlyForDeploymentPostprocessing = 0;
		};
/* End PBXFrameworksBuildPhase section */

/* Begin PBXGroup section */
		318C248D1D8B422100543E6B /* View Controllers */ = {
			isa = PBXGroup;
			children = (
				318C248E1D8B428E00543E6B /* ArtistSearchTableViewController.swift */,
				318C24951D8B58F800543E6B /* TrackListTableViewController.swift */,
			);
			name = "View Controllers";
			sourceTree = "<group>";
		};
		318C24901D8B4E1B00543E6B /* TableView Cells */ = {
			isa = PBXGroup;
			children = (
				318C24911D8B4E4700543E6B /* ArtistListTableViewCell.swift */,
				318C24931D8B4E5500543E6B /* ArtistListTableViewCell.xib */,
				318C24971D8B5B9400543E6B /* TrackListTableViewCell.swift */,
				318C24991D8B5BA500543E6B /* TrackListTableViewCell.xib */,
			);
			name = "TableView Cells";
			sourceTree = "<group>";
		};
		318C249B1D8C650500543E6B /* Custom Views */ = {
			isa = PBXGroup;
			children = (
				318C249C1D8C651A00543E6B /* TrackDetailView.xib */,
				318C249E1D8C929E00543E6B /* TrackDetailView.swift */,
			);
			name = "Custom Views";
			sourceTree = "<group>";
		};
		4C2B238B1D8A077800E07ED7 = {
			isa = PBXGroup;
			children = (
				318C24A01D8CA55C00543E6B /* AVFoundation.framework */,
				4C2B23961D8A077800E07ED7 /* SDTestMusic */,
				4C2B23AB1D8A077800E07ED7 /* SDTestMusicTests */,
				4C2B23951D8A077800E07ED7 /* Products */,
			);
			sourceTree = "<group>";
		};
		4C2B23951D8A077800E07ED7 /* Products */ = {
			isa = PBXGroup;
			children = (
				4C2B23941D8A077800E07ED7 /* SDTestMusic.app */,
				4C2B23A81D8A077800E07ED7 /* SDTestMusicTests.xctest */,
			);
			name = Products;
			sourceTree = "<group>";
		};
		4C2B23961D8A077800E07ED7 /* SDTestMusic */ = {
			isa = PBXGroup;
			children = (
				318C249B1D8C650500543E6B /* Custom Views */,
				318C24901D8B4E1B00543E6B /* TableView Cells */,
				318C248D1D8B422100543E6B /* View Controllers */,
				4C2B23B71D8A08A300E07ED7 /* Custom Objects */,
				4C2B23971D8A077800E07ED7 /* AppDelegate.swift */,
				4C2B23BC1D8AE75400E07ED7 /* APIServiceManager.swift */,
				4C2B239B1D8A077800E07ED7 /* Main.storyboard */,
				4C2B239E1D8A077800E07ED7 /* Assets.xcassets */,
				4C2B23A01D8A077800E07ED7 /* LaunchScreen.storyboard */,
				4C2B23A31D8A077800E07ED7 /* Info.plist */,
			);
			path = SDTestMusic;
			sourceTree = "<group>";
		};
		4C2B23AB1D8A077800E07ED7 /* SDTestMusicTests */ = {
			isa = PBXGroup;
			children = (
				4C2B23AC1D8A077800E07ED7 /* SDTestMusicTests.swift */,
				4C2B23AE1D8A077800E07ED7 /* Info.plist */,
			);
			path = SDTestMusicTests;
			sourceTree = "<group>";
		};
		4C2B23B71D8A08A300E07ED7 /* Custom Objects */ = {
			isa = PBXGroup;
			children = (
				4C2B23B81D8A08CB00E07ED7 /* Artist.swift */,
				4C2B23BA1D8A08EC00E07ED7 /* Track.swift */,
			);
			name = "Custom Objects";
			sourceTree = "<group>";
		};
/* End PBXGroup section */

/* Begin PBXNativeTarget section */
		4C2B23931D8A077800E07ED7 /* SDTestMusic */ = {
			isa = PBXNativeTarget;
			buildConfigurationList = 4C2B23B11D8A077800E07ED7 /* Build configuration list for PBXNativeTarget "SDTestMusic" */;
			buildPhases = (
				4C2B23901D8A077800E07ED7 /* Sources */,
				4C2B23911D8A077800E07ED7 /* Frameworks */,
				4C2B23921D8A077800E07ED7 /* Resources */,
			);
			buildRules = (
			);
			dependencies = (
			);
			name = SDTestMusic;
			productName = SDTestMusic;
			productReference = 4C2B23941D8A077800E07ED7 /* SDTestMusic.app */;
			productType = "com.apple.product-type.application";
		};
		4C2B23A71D8A077800E07ED7 /* SDTestMusicTests */ = {
			isa = PBXNativeTarget;
			buildConfigurationList = 4C2B23B41D8A077800E07ED7 /* Build configuration list for PBXNativeTarget "SDTestMusicTests" */;
			buildPhases = (
				4C2B23A41D8A077800E07ED7 /* Sources */,
				4C2B23A51D8A077800E07ED7 /* Frameworks */,
				4C2B23A61D8A077800E07ED7 /* Resources */,
			);
			buildRules = (
			);
			dependencies = (
				4C2B23AA1D8A077800E07ED7 /* PBXTargetDependency */,
			);
			name = SDTestMusicTests;
			productName = SDTestMusicTests;
			productReference = 4C2B23A81D8A077800E07ED7 /* SDTestMusicTests.xctest */;
			productType = "com.apple.product-type.bundle.unit-test";
		};
/* End PBXNativeTarget section */

/* Begin PBXProject section */
		4C2B238C1D8A077800E07ED7 /* Project object */ = {
			isa = PBXProject;
			attributes = {
				LastSwiftUpdateCheck = 0730;
				LastUpgradeCheck = 0730;
				ORGANIZATIONNAME = SD;
				TargetAttributes = {
					4C2B23931D8A077800E07ED7 = {
						CreatedOnToolsVersion = 7.3.1;
					};
					4C2B23A71D8A077800E07ED7 = {
						CreatedOnToolsVersion = 7.3.1;
						TestTargetID = 4C2B23931D8A077800E07ED7;
					};
				};
			};
			buildConfigurationList = 4C2B238F1D8A077800E07ED7 /* Build configuration list for PBXProject "SDTestMusic" */;
			compatibilityVersion = "Xcode 3.2";
			developmentRegion = English;
			hasScannedForEncodings = 0;
			knownRegions = (
				en,
				Base,
			);
			mainGroup = 4C2B238B1D8A077800E07ED7;
			productRefGroup = 4C2B23951D8A077800E07ED7 /* Products */;
			projectDirPath = "";
			projectRoot = "";
			targets = (
				4C2B23931D8A077800E07ED7 /* SDTestMusic */,
				4C2B23A71D8A077800E07ED7 /* SDTestMusicTests */,
			);
		};
/* End PBXProject section */

/* Begin PBXResourcesBuildPhase section */
		4C2B23921D8A077800E07ED7 /* Resources */ = {
			isa = PBXResourcesBuildPhase;
			buildActionMask = 2147483647;
			files = (
				4C2B23A21D8A077800E07ED7 /* LaunchScreen.storyboard in Resources */,
				318C249D1D8C651A00543E6B /* TrackDetailView.xib in Resources */,
				4C2B239F1D8A077800E07ED7 /* Assets.xcassets in Resources */,
				318C24941D8B4E5500543E6B /* ArtistListTableViewCell.xib in Resources */,
				318C249A1D8B5BA500543E6B /* TrackListTableViewCell.xib in Resources */,
				4C2B239D1D8A077800E07ED7 /* Main.storyboard in Resources */,
			);
			runOnlyForDeploymentPostprocessing = 0;
		};
		4C2B23A61D8A077800E07ED7 /* Resources */ = {
			isa = PBXResourcesBuildPhase;
			buildActionMask = 2147483647;
			files = (
			);
			runOnlyForDeploymentPostprocessing = 0;
		};
/* End PBXResourcesBuildPhase section */

/* Begin PBXSourcesBuildPhase section */
		4C2B23901D8A077800E07ED7 /* Sources */ = {
			isa = PBXSourcesBuildPhase;
			buildActionMask = 2147483647;
			files = (
				318C249F1D8C929E00543E6B /* TrackDetailView.swift in Sources */,
				318C24921D8B4E4700543E6B /* ArtistListTableViewCell.swift in Sources */,
				4C2B23BD1D8AE75400E07ED7 /* APIServiceManager.swift in Sources */,
				318C248F1D8B428E00543E6B /* ArtistSearchTableViewController.swift in Sources */,
				318C24981D8B5B9400543E6B /* TrackListTableViewCell.swift in Sources */,
				4C2B23B91D8A08CB00E07ED7 /* Artist.swift in Sources */,
				4C2B23981D8A077800E07ED7 /* AppDelegate.swift in Sources */,
				318C24961D8B58F800543E6B /* TrackListTableViewController.swift in Sources */,
				4C2B23BB1D8A08EC00E07ED7 /* Track.swift in Sources */,
			);
			runOnlyForDeploymentPostprocessing = 0;
		};
		4C2B23A41D8A077800E07ED7 /* Sources */ = {
			isa = PBXSourcesBuildPhase;
			buildActionMask = 2147483647;
			files = (
				4C2B23AD1D8A077800E07ED7 /* SDTestMusicTests.swift in Sources */,
			);
			runOnlyForDeploymentPostprocessing = 0;
		};
/* End PBXSourcesBuildPhase section */

/* Begin PBXTargetDependency section */
		4C2B23AA1D8A077800E07ED7 /* PBXTargetDependency */ = {
			isa = PBXTargetDependency;
			target = 4C2B23931D8A077800E07ED7 /* SDTestMusic */;
			targetProxy = 4C2B23A91D8A077800E07ED7 /* PBXContainerItemProxy */;
		};
/* End PBXTargetDependency section */

/* Begin PBXVariantGroup section */
		4C2B239B1D8A077800E07ED7 /* Main.storyboard */ = {
			isa = PBXVariantGroup;
			children = (
				4C2B239C1D8A077800E07ED7 /* Base */,
			);
			name = Main.storyboard;
			sourceTree = "<group>";
		};
		4C2B23A01D8A077800E07ED7 /* LaunchScreen.storyboard */ = {
			isa = PBXVariantGroup;
			children = (
				4C2B23A11D8A077800E07ED7 /* Base */,
			);
			name = LaunchScreen.storyboard;
			sourceTree = "<group>";
		};
/* End PBXVariantGroup section */

/* Begin XCBuildConfiguration section */
		4C2B23AF1D8A077800E07ED7 /* Debug */ = {
			isa = XCBuildConfiguration;
			buildSettings = {
				ALWAYS_SEARCH_USER_PATHS = NO;
				CLANG_ANALYZER_NONNULL = YES;
				CLANG_CXX_LANGUAGE_STANDARD = "gnu++0x";
				CLANG_CXX_LIBRARY = "libc++";
				CLANG_ENABLE_MODULES = YES;
				CLANG_ENABLE_OBJC_ARC = YES;
				CLANG_WARN_BOOL_CONVERSION = YES;
				CLANG_WARN_CONSTANT_CONVERSION = YES;
				CLANG_WARN_DIRECT_OBJC_ISA_USAGE = YES_ERROR;
				CLANG_WARN_EMPTY_BODY = YES;
				CLANG_WARN_ENUM_CONVERSION = YES;
				CLANG_WARN_INT_CONVERSION = YES;
				CLANG_WARN_OBJC_ROOT_CLASS = YES_ERROR;
				CLANG_WARN_UNREACHABLE_CODE = YES;
				CLANG_WARN__DUPLICATE_METHOD_MATCH = YES;
				"CODE_SIGN_IDENTITY[sdk=iphoneos*]" = "iPhone Developer";
				COPY_PHASE_STRIP = NO;
				DEBUG_INFORMATION_FORMAT = dwarf;
				ENABLE_STRICT_OBJC_MSGSEND = YES;
				ENABLE_TESTABILITY = YES;
				GCC_C_LANGUAGE_STANDARD = gnu99;
				GCC_DYNAMIC_NO_PIC = NO;
				GCC_NO_COMMON_BLOCKS = YES;
				GCC_OPTIMIZATION_LEVEL = 0;
				GCC_PREPROCESSOR_DEFINITIONS = (
					"DEBUG=1",
					"$(inherited)",
				);
				GCC_WARN_64_TO_32_BIT_CONVERSION = YES;
				GCC_WARN_ABOUT_RETURN_TYPE = YES_ERROR;
				GCC_WARN_UNDECLARED_SELECTOR = YES;
				GCC_WARN_UNINITIALIZED_AUTOS = YES_AGGRESSIVE;
				GCC_WARN_UNUSED_FUNCTION = YES;
				GCC_WARN_UNUSED_VARIABLE = YES;
				IPHONEOS_DEPLOYMENT_TARGET = 9.3;
				MTL_ENABLE_DEBUG_INFO = YES;
				ONLY_ACTIVE_ARCH = YES;
				SDKROOT = iphoneos;
				SWIFT_OPTIMIZATION_LEVEL = "-Onone";
				TARGETED_DEVICE_FAMILY = "1,2";
			};
			name = Debug;
		};
		4C2B23B01D8A077800E07ED7 /* Release */ = {
			isa = XCBuildConfiguration;
			buildSettings = {
				ALWAYS_SEARCH_USER_PATHS = NO;
				CLANG_ANALYZER_NONNULL = YES;
				CLANG_CXX_LANGUAGE_STANDARD = "gnu++0x";
				CLANG_CXX_LIBRARY = "libc++";
				CLANG_ENABLE_MODULES = YES;
				CLANG_ENABLE_OBJC_ARC = YES;
				CLANG_WARN_BOOL_CONVERSION = YES;
				CLANG_WARN_CONSTANT_CONVERSION = YES;
				CLANG_WARN_DIRECT_OBJC_ISA_USAGE = YES_ERROR;
				CLANG_WARN_EMPTY_BODY = YES;
				CLANG_WARN_ENUM_CONVERSION = YES;
				CLANG_WARN_INT_CONVERSION = YES;
				CLANG_WARN_OBJC_ROOT_CLASS = YES_ERROR;
				CLANG_WARN_UNREACHABLE_CODE = YES;
				CLANG_WARN__DUPLICATE_METHOD_MATCH = YES;
				"CODE_SIGN_IDENTITY[sdk=iphoneos*]" = "iPhone Developer";
				COPY_PHASE_STRIP = NO;
				DEBUG_INFORMATION_FORMAT = "dwarf-with-dsym";
				ENABLE_NS_ASSERTIONS = NO;
				ENABLE_STRICT_OBJC_MSGSEND = YES;
				GCC_C_LANGUAGE_STANDARD = gnu99;
				GCC_NO_COMMON_BLOCKS = YES;
				GCC_WARN_64_TO_32_BIT_CONVERSION = YES;
				GCC_WARN_ABOUT_RETURN_TYPE = YES_ERROR;
				GCC_WARN_UNDECLARED_SELECTOR = YES;
				GCC_WARN_UNINITIALIZED_AUTOS = YES_AGGRESSIVE;
				GCC_WARN_UNUSED_FUNCTION = YES;
				GCC_WARN_UNUSED_VARIABLE = YES;
				IPHONEOS_DEPLOYMENT_TARGET = 9.3;
				MTL_ENABLE_DEBUG_INFO = NO;
				SDKROOT = iphoneos;
				TARGETED_DEVICE_FAMILY = "1,2";
				VALIDATE_PRODUCT = YES;
			};
			name = Release;
		};
		4C2B23B21D8A077800E07ED7 /* Debug */ = {
			isa = XCBuildConfiguration;
			buildSettings = {
				ASSETCATALOG_COMPILER_APPICON_NAME = AppIcon;
				GCC_GENERATE_TEST_COVERAGE_FILES = YES;
				INFOPLIST_FILE = SDTestMusic/Info.plist;
				LD_RUNPATH_SEARCH_PATHS = "$(inherited) @executable_path/Frameworks";
				PRODUCT_BUNDLE_IDENTIFIER = sd.SDTestMusic;
				PRODUCT_NAME = "$(TARGET_NAME)";
				SWIFT_VERSION = 2.3;
			};
			name = Debug;
		};
		4C2B23B31D8A077800E07ED7 /* Release */ = {
			isa = XCBuildConfiguration;
			buildSettings = {
				ASSETCATALOG_COMPILER_APPICON_NAME = AppIcon;
				GCC_GENERATE_TEST_COVERAGE_FILES = YES;
				INFOPLIST_FILE = SDTestMusic/Info.plist;
				LD_RUNPATH_SEARCH_PATHS = "$(inherited) @executable_path/Frameworks";
				PRODUCT_BUNDLE_IDENTIFIER = sd.SDTestMusic;
				PRODUCT_NAME = "$(TARGET_NAME)";
				SWIFT_VERSION = 2.3;
			};
			name = Release;
		};
		4C2B23B51D8A077800E07ED7 /* Debug */ = {
			isa = XCBuildConfiguration;
			buildSettings = {
				BUNDLE_LOADER = "$(TEST_HOST)";
				INFOPLIST_FILE = SDTestMusicTests/Info.plist;
				LD_RUNPATH_SEARCH_PATHS = "$(inherited) @executable_path/Frameworks @loader_path/Frameworks";
				PRODUCT_BUNDLE_IDENTIFIER = sd.SDTestMusicTests;
				PRODUCT_NAME = "$(TARGET_NAME)";
				SWIFT_VERSION = "";
				TEST_HOST = "$(BUILT_PRODUCTS_DIR)/SDTestMusic.app/SDTestMusic";
			};
			name = Debug;
		};
		4C2B23B61D8A077800E07ED7 /* Release */ = {
			isa = XCBuildConfiguration;
			buildSettings = {
				BUNDLE_LOADER = "$(TEST_HOST)";
				INFOPLIST_FILE = SDTestMusicTests/Info.plist;
				LD_RUNPATH_SEARCH_PATHS = "$(inherited) @executable_path/Frameworks @loader_path/Frameworks";
				PRODUCT_BUNDLE_IDENTIFIER = sd.SDTestMusicTests;
				PRODUCT_NAME = "$(TARGET_NAME)";
				SWIFT_VERSION = "";
				TEST_HOST = "$(BUILT_PRODUCTS_DIR)/SDTestMusic.app/SDTestMusic";
			};
			name = Release;
		};
/* End XCBuildConfiguration section */

/* Begin XCConfigurationList section */
		4C2B238F1D8A077800E07ED7 /* Build configuration list for PBXProject "SDTestMusic" */ = {
			isa = XCConfigurationList;
			buildConfigurations = (
				4C2B23AF1D8A077800E07ED7 /* Debug */,
				4C2B23B01D8A077800E07ED7 /* Release */,
			);
			defaultConfigurationIsVisible = 0;
			defaultConfigurationName = Release;
		};
		4C2B23B11D8A077800E07ED7 /* Build configuration list for PBXNativeTarget "SDTestMusic" */ = {
			isa = XCConfigurationList;
			buildConfigurations = (
				4C2B23B21D8A077800E07ED7 /* Debug */,
				4C2B23B31D8A077800E07ED7 /* Release */,
			);
			defaultConfigurationIsVisible = 0;
			defaultConfigurationName = Release;
		};
		4C2B23B41D8A077800E07ED7 /* Build configuration list for PBXNativeTarget "SDTestMusicTests" */ = {
			isa = XCConfigurationList;
			buildConfigurations = (
				4C2B23B51D8A077800E07ED7 /* Debug */,
				4C2B23B61D8A077800E07ED7 /* Release */,
			);
			defaultConfigurationIsVisible = 0;
			defaultConfigurationName = Release;
		};
/* End XCConfigurationList section */
	};
	rootObject = 4C2B238C1D8A077800E07ED7 /* Project object */;
}
